meson==1.7.2 --hash=sha256:82c6818dc81743c96de3a458f06175776ebfde4081195ea31ea6971838f25e38
Mako==1.3.10 --hash=sha256:baef24a52fc4fc514a0887ac600f9f1cff3d82c61d4d700a1fa84d597b88db59
MarkupSafe==3.0.3 --hash=sha256:d6dd0be5b5b189d31db7cda48b91d7e0a9795f31430b7f271219ab30f1d3ac9d
PyYAML==6.0.3 --hash=sha256:ba1cc08a7ccde2d2ec775841541641e4548226580ab850948cbfda66a1befcdc
packaging==25.0 --hash=sha256:29572ef2b1f17581046b3a2227d5c611fb25ec70ca1ba8554b24b0e69331a484
ply==3.11 --hash=sha256:096f9b8350b65ebd2fd1346b12452efe5b9607f7482813ffca50c22722a807ce
